// !$*UTF8*$!
{
	archiveVersion = 1;
	classes = {
	};
	objectVersion = 56;
	objects = {

/* Begin PBXBuildFile section */
		3D1712F62AF181030057BE6E /* SearchStackView.swift in Sources */ = {isa = PBXBuildFile; fileRef = 3D1712F52AF181030057BE6E /* SearchStackView.swift */; };
		3D32AC8B2AF27BC300A7FC96 /* WeatherService.swift in Sources */ = {isa = PBXBuildFile; fileRef = 3D32AC8A2AF27BC300A7FC96 /* WeatherService.swift */; };
		3D9331942AF1267B004894D3 /* AppDelegate.swift in Sources */ = {isa = PBXBuildFile; fileRef = 3D9331932AF1267B004894D3 /* AppDelegate.swift */; };
		3D9331962AF1267B004894D3 /* SceneDelegate.swift in Sources */ = {isa = PBXBuildFile; fileRef = 3D9331952AF1267B004894D3 /* SceneDelegate.swift */; };
		3D9331982AF1267B004894D3 /* HomeVC.swift in Sources */ = {isa = PBXBuildFile; fileRef = 3D9331972AF1267B004894D3 /* HomeVC.swift */; };
		3D93319D2AF1267C004894D3 /* Assets.xcassets in Resources */ = {isa = PBXBuildFile; fileRef = 3D93319C2AF1267C004894D3 /* Assets.xcassets */; };
		3D9331A02AF1267C004894D3 /* LaunchScreen.storyboard in Resources */ = {isa = PBXBuildFile; fileRef = 3D93319E2AF1267C004894D3 /* LaunchScreen.storyboard */; };
		3D9EA3672AF1BC1900F11C2E /* WeatherModel.swift in Sources */ = {isa = PBXBuildFile; fileRef = 3D9EA3662AF1BC1900F11C2E /* WeatherModel.swift */; };
		3DE0F0172AF3217100A8422D /* WeatherViewModel.swift in Sources */ = {isa = PBXBuildFile; fileRef = 3DE0F0162AF3217100A8422D /* WeatherViewModel.swift */; };
/* End PBXBuildFile section */

/* Begin PBXFileReference section */
		3D1712F52AF181030057BE6E /* SearchStackView.swift */ = {isa = PBXFileReference; lastKnownFileType = sourcecode.swift; path = SearchStackView.swift; sourceTree = "<group>"; };
		3D32AC8A2AF27BC300A7FC96 /* WeatherService.swift */ = {isa = PBXFileReference; lastKnownFileType = sourcecode.swift; path = WeatherService.swift; sourceTree = "<group>"; };
		3D9331902AF1267B004894D3 /* Weather.app */ = {isa = PBXFileReference; explicitFileType = wrapper.application; includeInIndex = 0; path = Weather.app; sourceTree = BUILT_PRODUCTS_DIR; };
		3D9331932AF1267B004894D3 /* AppDelegate.swift */ = {isa = PBXFileReference; lastKnownFileType = sourcecode.swift; path = AppDelegate.swift; sourceTree = "<group>"; };
		3D9331952AF1267B004894D3 /* SceneDelegate.swift */ = {isa = PBXFileReference; lastKnownFileType = sourcecode.swift; path = SceneDelegate.swift; sourceTree = "<group>"; };
		3D9331972AF1267B004894D3 /* HomeVC.swift */ = {isa = PBXFileReference; lastKnownFileType = sourcecode.swift; path = HomeVC.swift; sourceTree = "<group>"; };
		3D93319C2AF1267C004894D3 /* Assets.xcassets */ = {isa = PBXFileReference; lastKnownFileType = folder.assetcatalog; path = Assets.xcassets; sourceTree = "<group>"; };
		3D93319F2AF1267C004894D3 /* Base */ = {isa = PBXFileReference; lastKnownFileType = file.storyboard; name = Base; path = Base.lproj/LaunchScreen.storyboard; sourceTree = "<group>"; };
		3D9331A12AF1267C004894D3 /* Info.plist */ = {isa = PBXFileReference; lastKnownFileType = text.plist.xml; path = Info.plist; sourceTree = "<group>"; };
		3D9EA3662AF1BC1900F11C2E /* WeatherModel.swift */ = {isa = PBXFileReference; lastKnownFileType = sourcecode.swift; path = WeatherModel.swift; sourceTree = "<group>"; };
		3DE0F0162AF3217100A8422D /* WeatherViewModel.swift */ = {isa = PBXFileReference; lastKnownFileType = sourcecode.swift; path = WeatherViewModel.swift; sourceTree = "<group>"; };
/* End PBXFileReference section */

/* Begin PBXFrameworksBuildPhase section */
		3D93318D2AF1267B004894D3 /* Frameworks */ = {
			isa = PBXFrameworksBuildPhase;
			buildActionMask = 2147483647;
			files = (
			);
			runOnlyForDeploymentPostprocessing = 0;
		};
/* End PBXFrameworksBuildPhase section */

/* Begin PBXGroup section */
		3D1712F42AF180E20057BE6E /* View */ = {
			isa = PBXGroup;
			children = (
				3D1712F52AF181030057BE6E /* SearchStackView.swift */,
			);
			path = View;
			sourceTree = "<group>";
		};
		3D32AC892AF27BA700A7FC96 /* Service */ = {
			isa = PBXGroup;
			children = (
				3D32AC8A2AF27BC300A7FC96 /* WeatherService.swift */,
			);
			path = Service;
			sourceTree = "<group>";
		};
		3D9331872AF1267B004894D3 = {
			isa = PBXGroup;
			children = (
				3D9331922AF1267B004894D3 /* Weather */,
				3D9331912AF1267B004894D3 /* Products */,
			);
			sourceTree = "<group>";
		};
		3D9331912AF1267B004894D3 /* Products */ = {
			isa = PBXGroup;
			children = (
				3D9331902AF1267B004894D3 /* Weather.app */,
			);
			name = Products;
			sourceTree = "<group>";
		};
		3D9331922AF1267B004894D3 /* Weather */ = {
			isa = PBXGroup;
			children = (
				3DE0F0152AF3215800A8422D /* WeatherViewModel */,
				3D32AC892AF27BA700A7FC96 /* Service */,
				3D9EA3652AF1BC0700F11C2E /* Model */,
				3D1712F42AF180E20057BE6E /* View */,
				3D9331A82AF12EE5004894D3 /* Controller */,
				3D9331A72AF12EDA004894D3 /* Files */,
			);
			path = Weather;
			sourceTree = "<group>";
		};
		3D9331A72AF12EDA004894D3 /* Files */ = {
			isa = PBXGroup;
			children = (
				3D9331932AF1267B004894D3 /* AppDelegate.swift */,
				3D9331952AF1267B004894D3 /* SceneDelegate.swift */,
				3D93319C2AF1267C004894D3 /* Assets.xcassets */,
				3D93319E2AF1267C004894D3 /* LaunchScreen.storyboard */,
				3D9331A12AF1267C004894D3 /* Info.plist */,
			);
			name = Files;
			sourceTree = "<group>";
		};
		3D9331A82AF12EE5004894D3 /* Controller */ = {
			isa = PBXGroup;
			children = (
				3D9331972AF1267B004894D3 /* HomeVC.swift */,
			);
			path = Controller;
			sourceTree = "<group>";
		};
		3D9EA3652AF1BC0700F11C2E /* Model */ = {
			isa = PBXGroup;
			children = (
				3D9EA3662AF1BC1900F11C2E /* WeatherModel.swift */,
			);
			path = Model;
			sourceTree = "<group>";
		};
		3DE0F0152AF3215800A8422D /* WeatherViewModel */ = {
			isa = PBXGroup;
			children = (
				3DE0F0162AF3217100A8422D /* WeatherViewModel.swift */,
			);
			path = WeatherViewModel;
			sourceTree = "<group>";
		};
/* End PBXGroup section */

/* Begin PBXNativeTarget section */
		3D93318F2AF1267B004894D3 /* Weather */ = {
			isa = PBXNativeTarget;
			buildConfigurationList = 3D9331A42AF1267C004894D3 /* Build configuration list for PBXNativeTarget "Weather" */;
			buildPhases = (
				3D93318C2AF1267B004894D3 /* Sources */,
				3D93318D2AF1267B004894D3 /* Frameworks */,
				3D93318E2AF1267B004894D3 /* Resources */,
			);
			buildRules = (
			);
			dependencies = (
			);
			name = Weather;
			productName = Weather;
			productReference = 3D9331902AF1267B004894D3 /* Weather.app */;
			productType = "com.apple.product-type.application";
		};
/* End PBXNativeTarget section */

/* Begin PBXProject section */
		3D9331882AF1267B004894D3 /* Project object */ = {
			isa = PBXProject;
			attributes = {
				BuildIndependentTargetsInParallel = 1;
				LastSwiftUpdateCheck = 1430;
				LastUpgradeCheck = 1430;
				TargetAttributes = {
					3D93318F2AF1267B004894D3 = {
						CreatedOnToolsVersion = 14.3;
					};
				};
			};
			buildConfigurationList = 3D93318B2AF1267B004894D3 /* Build configuration list for PBXProject "Weather" */;
			compatibilityVersion = "Xcode 14.0";
			developmentRegion = en;
			hasScannedForEncodings = 0;
			knownRegions = (
				en,
				Base,
			);
			mainGroup = 3D9331872AF1267B004894D3;
			productRefGroup = 3D9331912AF1267B004894D3 /* Products */;
			projectDirPath = "";
			projectRoot = "";
			targets = (
				3D93318F2AF1267B004894D3 /* Weather */,
			);
		};
/* End PBXProject section */

/* Begin PBXResourcesBuildPhase section */
		3D93318E2AF1267B004894D3 /* Resources */ = {
			isa = PBXResourcesBuildPhase;
			buildActionMask = 2147483647;
			files = (
				3D9331A02AF1267C004894D3 /* LaunchScreen.storyboard in Resources */,
				3D93319D2AF1267C004894D3 /* Assets.xcassets in Resources */,
			);
			runOnlyForDeploymentPostprocessing = 0;
		};
/* End PBXResourcesBuildPhase section */

/* Begin PBXSourcesBuildPhase section */
		3D93318C2AF1267B004894D3 /* Sources */ = {
			isa = PBXSourcesBuildPhase;
			buildActionMask = 2147483647;
			files = (
				3D9331982AF1267B004894D3 /* HomeVC.swift in Sources */,
				3D9331942AF1267B004894D3 /* AppDelegate.swift in Sources */,
				3D9331962AF1267B004894D3 /* SceneDelegate.swift in Sources */,
				3DE0F0172AF3217100A8422D /* WeatherViewModel.swift in Sources */,
				3D1712F62AF181030057BE6E /* SearchStackView.swift in Sources */,
				3D32AC8B2AF27BC300A7FC96 /* WeatherService.swift in Sources */,
				3D9EA3672AF1BC1900F11C2E /* WeatherModel.swift in Sources */,
			);
			runOnlyForDeploymentPostprocessing = 0;
		};
/* End PBXSourcesBuildPhase section */

/* Begin PBXVariantGroup section */
		3D93319E2AF1267C004894D3 /* LaunchScreen.storyboard */ = {
			isa = PBXVariantGroup;
			children = (
				3D93319F2AF1267C004894D3 /* Base */,
			);
			name = LaunchScreen.storyboard;
			sourceTree = "<group>";
		};
/* End PBXVariantGroup section */

/* Begin XCBuildConfiguration section */
		3D9331A22AF1267C004894D3 /* Debug */ = {
			isa = XCBuildConfiguration;
			buildSettings = {
				ALWAYS_SEARCH_USER_PATHS = NO;
				CLANG_ANALYZER_NONNULL = YES;
				CLANG_ANALYZER_NUMBER_OBJECT_CONVERSION = YES_AGGRESSIVE;
				CLANG_CXX_LANGUAGE_STANDARD = "gnu++20";
				CLANG_ENABLE_MODULES = YES;
				CLANG_ENABLE_OBJC_ARC = YES;
				CLANG_ENABLE_OBJC_WEAK = YES;
				CLANG_WARN_BLOCK_CAPTURE_AUTORELEASING = YES;
				CLANG_WARN_BOOL_CONVERSION = YES;
				CLANG_WARN_COMMA = YES;
				CLANG_WARN_CONSTANT_CONVERSION = YES;
				CLANG_WARN_DEPRECATED_OBJC_IMPLEMENTATIONS = YES;
				CLANG_WARN_DIRECT_OBJC_ISA_USAGE = YES_ERROR;
				CLANG_WARN_DOCUMENTATION_COMMENTS = YES;
				CLANG_WARN_EMPTY_BODY = YES;
				CLANG_WARN_ENUM_CONVERSION = YES;
				CLANG_WARN_INFINITE_RECURSION = YES;
				CLANG_WARN_INT_CONVERSION = YES;
				CLANG_WARN_NON_LITERAL_NULL_CONVERSION = YES;
				CLANG_WARN_OBJC_IMPLICIT_RETAIN_SELF = YES;
				CLANG_WARN_OBJC_LITERAL_CONVERSION = YES;
				CLANG_WARN_OBJC_ROOT_CLASS = YES_ERROR;
				CLANG_WARN_QUOTED_INCLUDE_IN_FRAMEWORK_HEADER = YES;
				CLANG_WARN_RANGE_LOOP_ANALYSIS = YES;
				CLANG_WARN_STRICT_PROTOTYPES = YES;
				CLANG_WARN_SUSPICIOUS_MOVE = YES;
				CLANG_WARN_UNGUARDED_AVAILABILITY = YES_AGGRESSIVE;
				CLANG_WARN_UNREACHABLE_CODE = YES;
				CLANG_WARN__DUPLICATE_METHOD_MATCH = YES;
				COPY_PHASE_STRIP = NO;
				DEBUG_INFORMATION_FORMAT = dwarf;
				ENABLE_STRICT_OBJC_MSGSEND = YES;
				ENABLE_TESTABILITY = YES;
				GCC_C_LANGUAGE_STANDARD = gnu11;
				GCC_DYNAMIC_NO_PIC = NO;
				GCC_NO_COMMON_BLOCKS = YES;
				GCC_OPTIMIZATION_LEVEL = 0;
				GCC_PREPROCESSOR_DEFINITIONS = (
					"DEBUG=1",
					"$(inherited)",
				);
				GCC_WARN_64_TO_32_BIT_CONVERSION = YES;
				GCC_WARN_ABOUT_RETURN_TYPE = YES_ERROR;
				GCC_WARN_UNDECLARED_SELECTOR = YES;
				GCC_WARN_UNINITIALIZED_AUTOS = YES_AGGRESSIVE;
				GCC_WARN_UNUSED_FUNCTION = YES;
				GCC_WARN_UNUSED_VARIABLE = YES;
				IPHONEOS_DEPLOYMENT_TARGET = 16.4;
				MTL_ENABLE_DEBUG_INFO = INCLUDE_SOURCE;
				MTL_FAST_MATH = YES;
				ONLY_ACTIVE_ARCH = YES;
				SDKROOT = iphoneos;
				SWIFT_ACTIVE_COMPILATION_CONDITIONS = DEBUG;
				SWIFT_OPTIMIZATION_LEVEL = "-Onone";
			};
			name = Debug;
		};
		3D9331A32AF1267C004894D3 /* Release */ = {
			isa = XCBuildConfiguration;
			buildSettings = {
				ALWAYS_SEARCH_USER_PATHS = NO;
				CLANG_ANALYZER_NONNULL = YES;
				CLANG_ANALYZER_NUMBER_OBJECT_CONVERSION = YES_AGGRESSIVE;
				CLANG_CXX_LANGUAGE_STANDARD = "gnu++20";
				CLANG_ENABLE_MODULES = YES;
				CLANG_ENABLE_OBJC_ARC = YES;
				CLANG_ENABLE_OBJC_WEAK = YES;
				CLANG_WARN_BLOCK_CAPTURE_AUTORELEASING = YES;
				CLANG_WARN_BOOL_CONVERSION = YES;
				CLANG_WARN_COMMA = YES;
				CLANG_WARN_CONSTANT_CONVERSION = YES;
				CLANG_WARN_DEPRECATED_OBJC_IMPLEMENTATIONS = YES;
				CLANG_WARN_DIRECT_OBJC_ISA_USAGE = YES_ERROR;
				CLANG_WARN_DOCUMENTATION_COMMENTS = YES;
				CLANG_WARN_EMPTY_BODY = YES;
				CLANG_WARN_ENUM_CONVERSION = YES;
				CLANG_WARN_INFINITE_RECURSION = YES;
				CLANG_WARN_INT_CONVERSION = YES;
				CLANG_WARN_NON_LITERAL_NULL_CONVERSION = YES;
				CLANG_WARN_OBJC_IMPLICIT_RETAIN_SELF = YES;
				CLANG_WARN_OBJC_LITERAL_CONVERSION = YES;
				CLANG_WARN_OBJC_ROOT_CLASS = YES_ERROR;
				CLANG_WARN_QUOTED_INCLUDE_IN_FRAMEWORK_HEADER = YES;
				CLANG_WARN_RANGE_LOOP_ANALYSIS = YES;
				CLANG_WARN_STRICT_PROTOTYPES = YES;
				CLANG_WARN_SUSPICIOUS_MOVE = YES;
				CLANG_WARN_UNGUARDED_AVAILABILITY = YES_AGGRESSIVE;
				CLANG_WARN_UNREACHABLE_CODE = YES;
				CLANG_WARN__DUPLICATE_METHOD_MATCH = YES;
				COPY_PHASE_STRIP = NO;
				DEBUG_INFORMATION_FORMAT = "dwarf-with-dsym";
				ENABLE_NS_ASSERTIONS = NO;
				ENABLE_STRICT_OBJC_MSGSEND = YES;
				GCC_C_LANGUAGE_STANDARD = gnu11;
				GCC_NO_COMMON_BLOCKS = YES;
				GCC_WARN_64_TO_32_BIT_CONVERSION = YES;
				GCC_WARN_ABOUT_RETURN_TYPE = YES_ERROR;
				GCC_WARN_UNDECLARED_SELECTOR = YES;
				GCC_WARN_UNINITIALIZED_AUTOS = YES_AGGRESSIVE;
				GCC_WARN_UNUSED_FUNCTION = YES;
				GCC_WARN_UNUSED_VARIABLE = YES;
				IPHONEOS_DEPLOYMENT_TARGET = 16.4;
				MTL_ENABLE_DEBUG_INFO = NO;
				MTL_FAST_MATH = YES;
				SDKROOT = iphoneos;
				SWIFT_COMPILATION_MODE = wholemodule;
				SWIFT_OPTIMIZATION_LEVEL = "-O";
				VALIDATE_PRODUCT = YES;
			};
			name = Release;
		};
		3D9331A52AF1267C004894D3 /* Debug */ = {
			isa = XCBuildConfiguration;
			buildSettings = {
				ASSETCATALOG_COMPILER_APPICON_NAME = AppIcon;
				ASSETCATALOG_COMPILER_GLOBAL_ACCENT_COLOR_NAME = AccentColor;
				CODE_SIGN_STYLE = Automatic;
				CURRENT_PROJECT_VERSION = 1;
				GENERATE_INFOPLIST_FILE = YES;
				INFOPLIST_FILE = Weather/Info.plist;
				INFOPLIST_KEY_UIApplicationSupportsIndirectInputEvents = YES;
				INFOPLIST_KEY_UILaunchStoryboardName = LaunchScreen;
				INFOPLIST_KEY_UISupportedInterfaceOrientations_iPad = "UIInterfaceOrientationPortrait UIInterfaceOrientationPortraitUpsideDown UIInterfaceOrientationLandscapeLeft UIInterfaceOrientationLandscapeRight";
				INFOPLIST_KEY_UISupportedInterfaceOrientations_iPhone = "UIInterfaceOrientationPortrait UIInterfaceOrientationLandscapeLeft UIInterfaceOrientationLandscapeRight";
				LD_RUNPATH_SEARCH_PATHS = (
					"$(inherited)",
					"@executable_path/Frameworks",
				);
				MARKETING_VERSION = 1.0;
				PRODUCT_BUNDLE_IDENTIFIER = com.alihizardere.Weather;
				PRODUCT_NAME = "$(TARGET_NAME)";
				SWIFT_EMIT_LOC_STRINGS = YES;
				SWIFT_VERSION = 5.0;
				TARGETED_DEVICE_FAMILY = "1,2";
			};
			name = Debug;
		};
		3D9331A62AF1267C004894D3 /* Release */ = {
			isa = XCBuildConfiguration;
			buildSettings = {
				ASSETCATALOG_COMPILER_APPICON_NAME = AppIcon;
				ASSETCATALOG_COMPILER_GLOBAL_ACCENT_COLOR_NAME = AccentColor;
				CODE_SIGN_STYLE = Automatic;
				CURRENT_PROJECT_VERSION = 1;
				GENERATE_INFOPLIST_FILE = YES;
				INFOPLIST_FILE = Weather/Info.plist;
				INFOPLIST_KEY_UIApplicationSupportsIndirectInputEvents = YES;
				INFOPLIST_KEY_UILaunchStoryboardName = LaunchScreen;
				INFOPLIST_KEY_UISupportedInterfaceOrientations_iPad = "UIInterfaceOrientationPortrait UIInterfaceOrientationPortraitUpsideDown UIInterfaceOrientationLandscapeLeft UIInterfaceOrientationLandscapeRight";
				INFOPLIST_KEY_UISupportedInterfaceOrientations_iPhone = "UIInterfaceOrientationPortrait UIInterfaceOrientationLandscapeLeft UIInterfaceOrientationLandscapeRight";
				LD_RUNPATH_SEARCH_PATHS = (
					"$(inherited)",
					"@executable_path/Frameworks",
				);
				MARKETING_VERSION = 1.0;
				PRODUCT_BUNDLE_IDENTIFIER = com.alihizardere.Weather;
				PRODUCT_NAME = "$(TARGET_NAME)";
				SWIFT_EMIT_LOC_STRINGS = YES;
				SWIFT_VERSION = 5.0;
				TARGETED_DEVICE_FAMILY = "1,2";
			};
			name = Release;
		};
/* End XCBuildConfiguration section */

/* Begin XCConfigurationList section */
		3D93318B2AF1267B004894D3 /* Build configuration list for PBXProject "Weather" */ = {
			isa = XCConfigurationList;
			buildConfigurations = (
				3D9331A22AF1267C004894D3 /* Debug */,
				3D9331A32AF1267C004894D3 /* Release */,
			);
			defaultConfigurationIsVisible = 0;
			defaultConfigurationName = Release;
		};
		3D9331A42AF1267C004894D3 /* Build configuration list for PBXNativeTarget "Weather" */ = {
			isa = XCConfigurationList;
			buildConfigurations = (
				3D9331A52AF1267C004894D3 /* Debug */,
				3D9331A62AF1267C004894D3 /* Release */,
			);
			defaultConfigurationIsVisible = 0;
			defaultConfigurationName = Release;
		};
/* End XCConfigurationList section */
	};
	rootObject = 3D9331882AF1267B004894D3 /* Project object */;
}
